{
  "requires": true,
  "lockfileVersion": 1,
  "dependencies": {
    "@splidejs/splide": {
      "version": "4.0.7",
      "resolved": "https://registry.npmjs.org/@splidejs/splide/-/splide-4.0.7.tgz",
      "integrity": "sha512-aJAOGJN2lwjwou3mxQofc3uhe+RXpw9in0WfysFX7AMT/mj7wSqoetfm41s7J8jU6FJ3ZWaLYgSJIpBAQ5wyqw=="
    },
    "@splidejs/splide-extension-auto-scroll": {
      "version": "0.4.2",
      "resolved": "https://registry.npmjs.org/@splidejs/splide-extension-auto-scroll/-/splide-extension-auto-scroll-0.4.2.tgz",
      "integrity": "sha512-kIKRhs1Gj5a6xKEi/h/7i/G20+kJgpfzvU3nPyLrAUYdK3Q3w8kxJ4DgeMJHzlF5iachnPUe2zXdWMhZHCHYfg=="
    },
    "bootstrap": {
      "version": "5.2.0-beta1",
      "resolved": "https://registry.npmjs.org/bootstrap/-/bootstrap-5.2.0-beta1.tgz",
      "integrity": "sha512-6qbgs177WZEFY4SLQUq3tEHayYG80nfDmyTpdKi0MJqRMdS+HAoq24+YKfx6wf+nHY0rx8zrh477J1lFu4WzOA=="
    }
  }
}
